
Microsoft Visual Studio Solution File, Format Version 12.00
# Visual Studio Version 17
VisualStudioVersion = 17.13.35828.75
MinimumVisualStudioVersion = 10.0.40219.1
Project("{FAE04EC0-301F-11D3-BF4B-00C04F79EFBC}") = "Lab15", "Lab15.csproj", "{0B6E795B-BAC5-4F2A-85D6-D35AD617133E}"
EndProject
Project("{FAE04EC0-301F-11D3-BF4B-00C04F79EFBC}") = "Clicker_WPF", "..\Clicker_WPF\Clicker_WPF.csproj", "{101398C9-8EA7-4493-951A-D11B2AA37FC7}"
EndProject
Project("{FAE04EC0-301F-11D3-BF4B-00C04F79EFBC}") = "FocusTimer_WPF", "..\FocusTimer_WPF\FocusTimer_WPF.csproj", "{ACF6565D-8B54-46D2-9119-61E9F2F9BD25}"
EndProject
Global
	GlobalSection(SolutionConfigurationPlatforms) = preSolution
		Debug|Any CPU = Debug|Any CPU
		Release|Any CPU = Release|Any CPU
	EndGlobalSection
	GlobalSection(ProjectConfigurationPlatforms) = postSolution
		{0B6E795B-BAC5-4F2A-85D6-D35AD617133E}.Debug|Any CPU.ActiveCfg = Debug|Any CPU
		{0B6E795B-BAC5-4F2A-85D6-D35AD617133E}.Debug|Any CPU.Build.0 = Debug|Any CPU
		{0B6E795B-BAC5-4F2A-85D6-D35AD617133E}.Release|Any CPU.ActiveCfg = Release|Any CPU
		{0B6E795B-BAC5-4F2A-85D6-D35AD617133E}.Release|Any CPU.Build.0 = Release|Any CPU
		{101398C9-8EA7-4493-951A-D11B2AA37FC7}.Debug|Any CPU.ActiveCfg = Debug|Any CPU
		{101398C9-8EA7-4493-951A-D11B2AA37FC7}.Debug|Any CPU.Build.0 = Debug|Any CPU
		{101398C9-8EA7-4493-951A-D11B2AA37FC7}.Release|Any CPU.ActiveCfg = Release|Any CPU
		{101398C9-8EA7-4493-951A-D11B2AA37FC7}.Release|Any CPU.Build.0 = Release|Any CPU
		{ACF6565D-8B54-46D2-9119-61E9F2F9BD25}.Debug|Any CPU.ActiveCfg = Debug|Any CPU
		{ACF6565D-8B54-46D2-9119-61E9F2F9BD25}.Debug|Any CPU.Build.0 = Debug|Any CPU
		{ACF6565D-8B54-46D2-9119-61E9F2F9BD25}.Release|Any CPU.ActiveCfg = Release|Any CPU
		{ACF6565D-8B54-46D2-9119-61E9F2F9BD25}.Release|Any CPU.Build.0 = Release|Any CPU
	EndGlobalSection
	GlobalSection(SolutionProperties) = preSolution
		HideSolutionNode = FALSE
	EndGlobalSection
	GlobalSection(ExtensibilityGlobals) = postSolution
		SolutionGuid = {672058E9-2870-4C88-9281-44743BD0EC1C}
	EndGlobalSection
EndGlobal
